
Microsoft Visual Studio Solution File, Format Version 12.00
# Visual Studio Version 17
VisualStudioVersion = 17.1.32421.90
MinimumVisualStudioVersion = 10.0.40219.1
Project("{9A19103F-16F7-4668-BE54-9A1E7A4F7556}") = "UnitConvertersAPI", "UnitConvertersAPI\UnitConvertersAPI.csproj", "{D22C3DDE-6FA4-415B-B5E3-09C6F40AB595}"
EndProject
Project("{9A19103F-16F7-4668-BE54-9A1E7A4F7556}") = "UnitConvertersService", "UnitConvertersService\UnitConvertersService.csproj", "{73323F34-9514-41F7-A2FA-1AA61CAEF64E}"
EndProject
Project("{E24C65DC-7377-472B-9ABA-BC803B73C61A}") = "UnitConverterUI", "UnitConverterUI\", "{1B6305BD-5615-48D2-8441-C9A41E4250F4}"
	ProjectSection(WebsiteProperties) = preProject
		TargetFrameworkMoniker = ".NETFramework,Version%3Dv4.0"
		Debug.AspNetCompiler.VirtualPath = "/localhost_51605"
		Debug.AspNetCompiler.PhysicalPath = "UnitConverterUI\"
		Debug.AspNetCompiler.TargetPath = "PrecompiledWeb\localhost_51605\"
		Debug.AspNetCompiler.Updateable = "true"
		Debug.AspNetCompiler.ForceOverwrite = "true"
		Debug.AspNetCompiler.FixedNames = "false"
		Debug.AspNetCompiler.Debug = "True"
		Release.AspNetCompiler.VirtualPath = "/localhost_51605"
		Release.AspNetCompiler.PhysicalPath = "UnitConverterUI\"
		Release.AspNetCompiler.TargetPath = "PrecompiledWeb\localhost_51605\"
		Release.AspNetCompiler.Updateable = "true"
		Release.AspNetCompiler.ForceOverwrite = "true"
		Release.AspNetCompiler.FixedNames = "false"
		Release.AspNetCompiler.Debug = "False"
		VWDPort = "51605"
		SlnRelativePath = "UnitConverterUI\"
	EndProjectSection
EndProject
Global
	GlobalSection(SolutionConfigurationPlatforms) = preSolution
		Debug|Any CPU = Debug|Any CPU
		Release|Any CPU = Release|Any CPU
	EndGlobalSection
	GlobalSection(ProjectConfigurationPlatforms) = postSolution
		{D22C3DDE-6FA4-415B-B5E3-09C6F40AB595}.Debug|Any CPU.ActiveCfg = Debug|Any CPU
		{D22C3DDE-6FA4-415B-B5E3-09C6F40AB595}.Debug|Any CPU.Build.0 = Debug|Any CPU
		{D22C3DDE-6FA4-415B-B5E3-09C6F40AB595}.Release|Any CPU.ActiveCfg = Release|Any CPU
		{D22C3DDE-6FA4-415B-B5E3-09C6F40AB595}.Release|Any CPU.Build.0 = Release|Any CPU
		{73323F34-9514-41F7-A2FA-1AA61CAEF64E}.Debug|Any CPU.ActiveCfg = Debug|Any CPU
		{73323F34-9514-41F7-A2FA-1AA61CAEF64E}.Debug|Any CPU.Build.0 = Debug|Any CPU
		{73323F34-9514-41F7-A2FA-1AA61CAEF64E}.Release|Any CPU.ActiveCfg = Release|Any CPU
		{73323F34-9514-41F7-A2FA-1AA61CAEF64E}.Release|Any CPU.Build.0 = Release|Any CPU
		{1B6305BD-5615-48D2-8441-C9A41E4250F4}.Debug|Any CPU.ActiveCfg = Debug|Any CPU
		{1B6305BD-5615-48D2-8441-C9A41E4250F4}.Debug|Any CPU.Build.0 = Debug|Any CPU
		{1B6305BD-5615-48D2-8441-C9A41E4250F4}.Release|Any CPU.ActiveCfg = Debug|Any CPU
		{1B6305BD-5615-48D2-8441-C9A41E4250F4}.Release|Any CPU.Build.0 = Debug|Any CPU
	EndGlobalSection
	GlobalSection(SolutionProperties) = preSolution
		HideSolutionNode = FALSE
	EndGlobalSection
	GlobalSection(ExtensibilityGlobals) = postSolution
		SolutionGuid = {46110820-3072-4853-B505-4B2C76CE41F8}
	EndGlobalSection
EndGlobal
